
Microsoft Visual Studio Solution File, Format Version 12.00
# Visual Studio Version 17
VisualStudioVersion = 17.14.36811.4 d17.14
MinimumVisualStudioVersion = 10.0.40219.1
Project("{FAE04EC0-301F-11D3-BF4B-00C04F79EFBC}") = "TheCorrupted", "TheCorrupted.csproj", "{CB9C2632-5934-1481-8BF1-4087A33CB417}"
EndProject
Global
	GlobalSection(SolutionConfigurationPlatforms) = preSolution
		Debug|Any CPU = Debug|Any CPU
		ExportDebug|Any CPU = ExportDebug|Any CPU
		ExportRelease|Any CPU = ExportRelease|Any CPU
	EndGlobalSection
	GlobalSection(ProjectConfigurationPlatforms) = postSolution
		{CB9C2632-5934-1481-8BF1-4087A33CB417}.Debug|Any CPU.ActiveCfg = Debug|Any CPU
		{CB9C2632-5934-1481-8BF1-4087A33CB417}.Debug|Any CPU.Build.0 = Debug|Any CPU
		{CB9C2632-5934-1481-8BF1-4087A33CB417}.ExportDebug|Any CPU.ActiveCfg = ExportDebug|Any CPU
		{CB9C2632-5934-1481-8BF1-4087A33CB417}.ExportDebug|Any CPU.Build.0 = ExportDebug|Any CPU
		{CB9C2632-5934-1481-8BF1-4087A33CB417}.ExportRelease|Any CPU.ActiveCfg = ExportRelease|Any CPU
		{CB9C2632-5934-1481-8BF1-4087A33CB417}.ExportRelease|Any CPU.Build.0 = ExportRelease|Any CPU
	EndGlobalSection
	GlobalSection(SolutionProperties) = preSolution
		HideSolutionNode = FALSE
	EndGlobalSection
	GlobalSection(ExtensibilityGlobals) = postSolution
		SolutionGuid = {A3F0296B-BDAB-43DC-9E82-5EC9EEC9AAC0}
	EndGlobalSection
EndGlobal
